// !$*UTF8*$!
{
	archiveVersion = 1;
	classes = {
	};
	objectVersion = 56;
	objects = {

/* Begin PBXBuildFile section */
		DE200A822F0C07D300DBBEAA /* StumpNode.swift in Sources */ = {isa = PBXBuildFile; fileRef = DE200A812F0C07D300DBBEAA /* StumpNode.swift */; };
		DE200A842F0ED00400DBBEAA /* NSColor+HexCode.swift in Sources */ = {isa = PBXBuildFile; fileRef = DE200A832F0ED00400DBBEAA /* NSColor+HexCode.swift */; };
		DEA9C25D2EEDD03100177415 /* AppDelegate.swift in Sources */ = {isa = PBXBuildFile; fileRef = DEA9C25C2EEDD03100177415 /* AppDelegate.swift */; };
		DEA9C25F2EEDD03100177415 /* GameScene.sks in Resources */ = {isa = PBXBuildFile; fileRef = DEA9C25E2EEDD03100177415 /* GameScene.sks */; };
		DEA9C2612EEDD03100177415 /* Actions.sks in Resources */ = {isa = PBXBuildFile; fileRef = DEA9C2602EEDD03100177415 /* Actions.sks */; };
		DEA9C2632EEDD03100177415 /* GameScene.swift in Sources */ = {isa = PBXBuildFile; fileRef = DEA9C2622EEDD03100177415 /* GameScene.swift */; };
		DEA9C2652EEDD03100177415 /* ViewController.swift in Sources */ = {isa = PBXBuildFile; fileRef = DEA9C2642EEDD03100177415 /* ViewController.swift */; };
		DEA9C2672EEDD03300177415 /* Assets.xcassets in Resources */ = {isa = PBXBuildFile; fileRef = DEA9C2662EEDD03300177415 /* Assets.xcassets */; };
		DEA9C26A2EEDD03300177415 /* Main.storyboard in Resources */ = {isa = PBXBuildFile; fileRef = DEA9C2682EEDD03300177415 /* Main.storyboard */; };
/* End PBXBuildFile section */

/* Begin PBXFileReference section */
		DE200A812F0C07D300DBBEAA /* StumpNode.swift */ = {isa = PBXFileReference; lastKnownFileType = sourcecode.swift; path = StumpNode.swift; sourceTree = "<group>"; };
		DE200A832F0ED00400DBBEAA /* NSColor+HexCode.swift */ = {isa = PBXFileReference; lastKnownFileType = sourcecode.swift; path = "NSColor+HexCode.swift"; sourceTree = "<group>"; };
		DEA9C2592EEDD03100177415 /* Ball game.app */ = {isa = PBXFileReference; explicitFileType = wrapper.application; includeInIndex = 0; path = "Ball game.app"; sourceTree = BUILT_PRODUCTS_DIR; };
		DEA9C25C2EEDD03100177415 /* AppDelegate.swift */ = {isa = PBXFileReference; lastKnownFileType = sourcecode.swift; path = AppDelegate.swift; sourceTree = "<group>"; };
		DEA9C25E2EEDD03100177415 /* GameScene.sks */ = {isa = PBXFileReference; lastKnownFileType = file.sks; path = GameScene.sks; sourceTree = "<group>"; };
		DEA9C2602EEDD03100177415 /* Actions.sks */ = {isa = PBXFileReference; lastKnownFileType = file.sks; path = Actions.sks; sourceTree = "<group>"; };
		DEA9C2622EEDD03100177415 /* GameScene.swift */ = {isa = PBXFileReference; lastKnownFileType = sourcecode.swift; path = GameScene.swift; sourceTree = "<group>"; };
		DEA9C2642EEDD03100177415 /* ViewController.swift */ = {isa = PBXFileReference; lastKnownFileType = sourcecode.swift; path = ViewController.swift; sourceTree = "<group>"; };
		DEA9C2662EEDD03300177415 /* Assets.xcassets */ = {isa = PBXFileReference; lastKnownFileType = folder.assetcatalog; path = Assets.xcassets; sourceTree = "<group>"; };
		DEA9C2692EEDD03300177415 /* Base */ = {isa = PBXFileReference; lastKnownFileType = file.storyboard; name = Base; path = Base.lproj/Main.storyboard; sourceTree = "<group>"; };
		DEA9C26B2EEDD03300177415 /* Ball_game.entitlements */ = {isa = PBXFileReference; lastKnownFileType = text.plist.entitlements; path = Ball_game.entitlements; sourceTree = "<group>"; };
/* End PBXFileReference section */

/* Begin PBXFrameworksBuildPhase section */
		DEA9C2562EEDD03100177415 /* Frameworks */ = {
			isa = PBXFrameworksBuildPhase;
			buildActionMask = 2147483647;
			files = (
			);
			runOnlyForDeploymentPostprocessing = 0;
		};
/* End PBXFrameworksBuildPhase section */

/* Begin PBXGroup section */
		DEA9C2502EEDD03100177415 = {
			isa = PBXGroup;
			children = (
				DEA9C25B2EEDD03100177415 /* Ball game */,
				DEA9C25A2EEDD03100177415 /* Products */,
			);
			sourceTree = "<group>";
		};
		DEA9C25A2EEDD03100177415 /* Products */ = {
			isa = PBXGroup;
			children = (
				DEA9C2592EEDD03100177415 /* Ball game.app */,
			);
			name = Products;
			sourceTree = "<group>";
		};
		DEA9C25B2EEDD03100177415 /* Ball game */ = {
			isa = PBXGroup;
			children = (
				DEA9C25C2EEDD03100177415 /* AppDelegate.swift */,
				DEA9C25E2EEDD03100177415 /* GameScene.sks */,
				DEA9C2602EEDD03100177415 /* Actions.sks */,
				DEA9C2622EEDD03100177415 /* GameScene.swift */,
				DE200A812F0C07D300DBBEAA /* StumpNode.swift */,
				DE200A832F0ED00400DBBEAA /* NSColor+HexCode.swift */,
				DEA9C2642EEDD03100177415 /* ViewController.swift */,
				DEA9C2662EEDD03300177415 /* Assets.xcassets */,
				DEA9C2682EEDD03300177415 /* Main.storyboard */,
				DEA9C26B2EEDD03300177415 /* Ball_game.entitlements */,
			);
			path = "Ball game";
			sourceTree = "<group>";
		};
/* End PBXGroup section */

/* Begin PBXNativeTarget section */
		DEA9C2582EEDD03100177415 /* Ball game */ = {
			isa = PBXNativeTarget;
			buildConfigurationList = DEA9C26E2EEDD03300177415 /* Build configuration list for PBXNativeTarget "Ball game" */;
			buildPhases = (
				DEA9C2552EEDD03100177415 /* Sources */,
				DEA9C2562EEDD03100177415 /* Frameworks */,
				DEA9C2572EEDD03100177415 /* Resources */,
			);
			buildRules = (
			);
			dependencies = (
			);
			name = "Ball game";
			productName = "Ball game";
			productReference = DEA9C2592EEDD03100177415 /* Ball game.app */;
			productType = "com.apple.product-type.application";
		};
/* End PBXNativeTarget section */

/* Begin PBXProject section */
		DEA9C2512EEDD03100177415 /* Project object */ = {
			isa = PBXProject;
			attributes = {
				BuildIndependentTargetsInParallel = 1;
				LastSwiftUpdateCheck = 1420;
				LastUpgradeCheck = 1420;
				TargetAttributes = {
					DEA9C2582EEDD03100177415 = {
						CreatedOnToolsVersion = 14.2;
					};
				};
			};
			buildConfigurationList = DEA9C2542EEDD03100177415 /* Build configuration list for PBXProject "Ball game" */;
			compatibilityVersion = "Xcode 14.0";
			developmentRegion = en;
			hasScannedForEncodings = 0;
			knownRegions = (
				en,
				Base,
			);
			mainGroup = DEA9C2502EEDD03100177415;
			productRefGroup = DEA9C25A2EEDD03100177415 /* Products */;
			projectDirPath = "";
			projectRoot = "";
			targets = (
				DEA9C2582EEDD03100177415 /* Ball game */,
			);
		};
/* End PBXProject section */

/* Begin PBXResourcesBuildPhase section */
		DEA9C2572EEDD03100177415 /* Resources */ = {
			isa = PBXResourcesBuildPhase;
			buildActionMask = 2147483647;
			files = (
				DEA9C25F2EEDD03100177415 /* GameScene.sks in Resources */,
				DEA9C2672EEDD03300177415 /* Assets.xcassets in Resources */,
				DEA9C2612EEDD03100177415 /* Actions.sks in Resources */,
				DEA9C26A2EEDD03300177415 /* Main.storyboard in Resources */,
			);
			runOnlyForDeploymentPostprocessing = 0;
		};
/* End PBXResourcesBuildPhase section */

/* Begin PBXSourcesBuildPhase section */
		DEA9C2552EEDD03100177415 /* Sources */ = {
			isa = PBXSourcesBuildPhase;
			buildActionMask = 2147483647;
			files = (
				DE200A842F0ED00400DBBEAA /* NSColor+HexCode.swift in Sources */,
				DEA9C2652EEDD03100177415 /* ViewController.swift in Sources */,
				DE200A822F0C07D300DBBEAA /* StumpNode.swift in Sources */,
				DEA9C2632EEDD03100177415 /* GameScene.swift in Sources */,
				DEA9C25D2EEDD03100177415 /* AppDelegate.swift in Sources */,
			);
			runOnlyForDeploymentPostprocessing = 0;
		};
/* End PBXSourcesBuildPhase section */

/* Begin PBXVariantGroup section */
		DEA9C2682EEDD03300177415 /* Main.storyboard */ = {
			isa = PBXVariantGroup;
			children = (
				DEA9C2692EEDD03300177415 /* Base */,
			);
			name = Main.storyboard;
			sourceTree = "<group>";
		};
/* End PBXVariantGroup section */

/* Begin XCBuildConfiguration section */
		DEA9C26C2EEDD03300177415 /* Debug */ = {
			isa = XCBuildConfiguration;
			buildSettings = {
				ALWAYS_SEARCH_USER_PATHS = NO;
				CLANG_ANALYZER_NONNULL = YES;
				CLANG_ANALYZER_NUMBER_OBJECT_CONVERSION = YES_AGGRESSIVE;
				CLANG_CXX_LANGUAGE_STANDARD = "gnu++20";
				CLANG_ENABLE_MODULES = YES;
				CLANG_ENABLE_OBJC_ARC = YES;
				CLANG_ENABLE_OBJC_WEAK = YES;
				CLANG_WARN_BLOCK_CAPTURE_AUTORELEASING = YES;
				CLANG_WARN_BOOL_CONVERSION = YES;
				CLANG_WARN_COMMA = YES;
				CLANG_WARN_CONSTANT_CONVERSION = YES;
				CLANG_WARN_DEPRECATED_OBJC_IMPLEMENTATIONS = YES;
				CLANG_WARN_DIRECT_OBJC_ISA_USAGE = YES_ERROR;
				CLANG_WARN_DOCUMENTATION_COMMENTS = YES;
				CLANG_WARN_EMPTY_BODY = YES;
				CLANG_WARN_ENUM_CONVERSION = YES;
				CLANG_WARN_INFINITE_RECURSION = YES;
				CLANG_WARN_INT_CONVERSION = YES;
				CLANG_WARN_NON_LITERAL_NULL_CONVERSION = YES;
				CLANG_WARN_OBJC_IMPLICIT_RETAIN_SELF = YES;
				CLANG_WARN_OBJC_LITERAL_CONVERSION = YES;
				CLANG_WARN_OBJC_ROOT_CLASS = YES_ERROR;
				CLANG_WARN_QUOTED_INCLUDE_IN_FRAMEWORK_HEADER = YES;
				CLANG_WARN_RANGE_LOOP_ANALYSIS = YES;
				CLANG_WARN_STRICT_PROTOTYPES = YES;
				CLANG_WARN_SUSPICIOUS_MOVE = YES;
				CLANG_WARN_UNGUARDED_AVAILABILITY = YES_AGGRESSIVE;
				CLANG_WARN_UNREACHABLE_CODE = YES;
				CLANG_WARN__DUPLICATE_METHOD_MATCH = YES;
				COPY_PHASE_STRIP = NO;
				DEBUG_INFORMATION_FORMAT = dwarf;
				ENABLE_STRICT_OBJC_MSGSEND = YES;
				ENABLE_TESTABILITY = YES;
				GCC_C_LANGUAGE_STANDARD = gnu11;
				GCC_DYNAMIC_NO_PIC = NO;
				GCC_NO_COMMON_BLOCKS = YES;
				GCC_OPTIMIZATION_LEVEL = 0;
				GCC_PREPROCESSOR_DEFINITIONS = (
					"DEBUG=1",
					"$(inherited)",
				);
				GCC_WARN_64_TO_32_BIT_CONVERSION = YES;
				GCC_WARN_ABOUT_RETURN_TYPE = YES_ERROR;
				GCC_WARN_UNDECLARED_SELECTOR = YES;
				GCC_WARN_UNINITIALIZED_AUTOS = YES_AGGRESSIVE;
				GCC_WARN_UNUSED_FUNCTION = YES;
				GCC_WARN_UNUSED_VARIABLE = YES;
				MACOSX_DEPLOYMENT_TARGET = 12.7;
				MTL_ENABLE_DEBUG_INFO = INCLUDE_SOURCE;
				MTL_FAST_MATH = YES;
				ONLY_ACTIVE_ARCH = YES;
				SDKROOT = macosx;
				SWIFT_ACTIVE_COMPILATION_CONDITIONS = DEBUG;
				SWIFT_OPTIMIZATION_LEVEL = "-Onone";
			};
			name = Debug;
		};
		DEA9C26D2EEDD03300177415 /* Release */ = {
			isa = XCBuildConfiguration;
			buildSettings = {
				ALWAYS_SEARCH_USER_PATHS = NO;
				CLANG_ANALYZER_NONNULL = YES;
				CLANG_ANALYZER_NUMBER_OBJECT_CONVERSION = YES_AGGRESSIVE;
				CLANG_CXX_LANGUAGE_STANDARD = "gnu++20";
				CLANG_ENABLE_MODULES = YES;
				CLANG_ENABLE_OBJC_ARC = YES;
				CLANG_ENABLE_OBJC_WEAK = YES;
				CLANG_WARN_BLOCK_CAPTURE_AUTORELEASING = YES;
				CLANG_WARN_BOOL_CONVERSION = YES;
				CLANG_WARN_COMMA = YES;
				CLANG_WARN_CONSTANT_CONVERSION = YES;
				CLANG_WARN_DEPRECATED_OBJC_IMPLEMENTATIONS = YES;
				CLANG_WARN_DIRECT_OBJC_ISA_USAGE = YES_ERROR;
				CLANG_WARN_DOCUMENTATION_COMMENTS = YES;
				CLANG_WARN_EMPTY_BODY = YES;
				CLANG_WARN_ENUM_CONVERSION = YES;
				CLANG_WARN_INFINITE_RECURSION = YES;
				CLANG_WARN_INT_CONVERSION = YES;
				CLANG_WARN_NON_LITERAL_NULL_CONVERSION = YES;
				CLANG_WARN_OBJC_IMPLICIT_RETAIN_SELF = YES;
				CLANG_WARN_OBJC_LITERAL_CONVERSION = YES;
				CLANG_WARN_OBJC_ROOT_CLASS = YES_ERROR;
				CLANG_WARN_QUOTED_INCLUDE_IN_FRAMEWORK_HEADER = YES;
				CLANG_WARN_RANGE_LOOP_ANALYSIS = YES;
				CLANG_WARN_STRICT_PROTOTYPES = YES;
				CLANG_WARN_SUSPICIOUS_MOVE = YES;
				CLANG_WARN_UNGUARDED_AVAILABILITY = YES_AGGRESSIVE;
				CLANG_WARN_UNREACHABLE_CODE = YES;
				CLANG_WARN__DUPLICATE_METHOD_MATCH = YES;
				COPY_PHASE_STRIP = NO;
				DEBUG_INFORMATION_FORMAT = "dwarf-with-dsym";
				ENABLE_NS_ASSERTIONS = NO;
				ENABLE_STRICT_OBJC_MSGSEND = YES;
				GCC_C_LANGUAGE_STANDARD = gnu11;
				GCC_NO_COMMON_BLOCKS = YES;
				GCC_WARN_64_TO_32_BIT_CONVERSION = YES;
				GCC_WARN_ABOUT_RETURN_TYPE = YES_ERROR;
				GCC_WARN_UNDECLARED_SELECTOR = YES;
				GCC_WARN_UNINITIALIZED_AUTOS = YES_AGGRESSIVE;
				GCC_WARN_UNUSED_FUNCTION = YES;
				GCC_WARN_UNUSED_VARIABLE = YES;
				MACOSX_DEPLOYMENT_TARGET = 12.7;
				MTL_ENABLE_DEBUG_INFO = NO;
				MTL_FAST_MATH = YES;
				SDKROOT = macosx;
				SWIFT_COMPILATION_MODE = wholemodule;
				SWIFT_OPTIMIZATION_LEVEL = "-O";
			};
			name = Release;
		};
		DEA9C26F2EEDD03300177415 /* Debug */ = {
			isa = XCBuildConfiguration;
			buildSettings = {
				ASSETCATALOG_COMPILER_APPICON_NAME = AppIcon;
				ASSETCATALOG_COMPILER_GLOBAL_ACCENT_COLOR_NAME = AccentColor;
				CODE_SIGN_ENTITLEMENTS = "Ball game/Ball_game.entitlements";
				CODE_SIGN_STYLE = Automatic;
				COMBINE_HIDPI_IMAGES = YES;
				CURRENT_PROJECT_VERSION = 1;
				GENERATE_INFOPLIST_FILE = YES;
				INFOPLIST_KEY_NSHumanReadableCopyright = "";
				INFOPLIST_KEY_NSMainStoryboardFile = Main;
				INFOPLIST_KEY_NSPrincipalClass = NSApplication;
				LD_RUNPATH_SEARCH_PATHS = (
					"$(inherited)",
					"@executable_path/../Frameworks",
				);
				MARKETING_VERSION = 1.0;
				PRODUCT_BUNDLE_IDENTIFIER = "Alexander-Lazar.Ball-game";
				PRODUCT_NAME = "$(TARGET_NAME)";
				SWIFT_EMIT_LOC_STRINGS = YES;
				SWIFT_VERSION = 5.0;
			};
			name = Debug;
		};
		DEA9C2702EEDD03300177415 /* Release */ = {
			isa = XCBuildConfiguration;
			buildSettings = {
				ASSETCATALOG_COMPILER_APPICON_NAME = AppIcon;
				ASSETCATALOG_COMPILER_GLOBAL_ACCENT_COLOR_NAME = AccentColor;
				CODE_SIGN_ENTITLEMENTS = "Ball game/Ball_game.entitlements";
				CODE_SIGN_STYLE = Automatic;
				COMBINE_HIDPI_IMAGES = YES;
				CURRENT_PROJECT_VERSION = 1;
				GENERATE_INFOPLIST_FILE = YES;
				INFOPLIST_KEY_NSHumanReadableCopyright = "";
				INFOPLIST_KEY_NSMainStoryboardFile = Main;
				INFOPLIST_KEY_NSPrincipalClass = NSApplication;
				LD_RUNPATH_SEARCH_PATHS = (
					"$(inherited)",
					"@executable_path/../Frameworks",
				);
				MARKETING_VERSION = 1.0;
				PRODUCT_BUNDLE_IDENTIFIER = "Alexander-Lazar.Ball-game";
				PRODUCT_NAME = "$(TARGET_NAME)";
				SWIFT_EMIT_LOC_STRINGS = YES;
				SWIFT_VERSION = 5.0;
			};
			name = Release;
		};
/* End XCBuildConfiguration section */

/* Begin XCConfigurationList section */
		DEA9C2542EEDD03100177415 /* Build configuration list for PBXProject "Ball game" */ = {
			isa = XCConfigurationList;
			buildConfigurations = (
				DEA9C26C2EEDD03300177415 /* Debug */,
				DEA9C26D2EEDD03300177415 /* Release */,
			);
			defaultConfigurationIsVisible = 0;
			defaultConfigurationName = Release;
		};
		DEA9C26E2EEDD03300177415 /* Build configuration list for PBXNativeTarget "Ball game" */ = {
			isa = XCConfigurationList;
			buildConfigurations = (
				DEA9C26F2EEDD03300177415 /* Debug */,
				DEA9C2702EEDD03300177415 /* Release */,
			);
			defaultConfigurationIsVisible = 0;
			defaultConfigurationName = Release;
		};
/* End XCConfigurationList section */
	};
	rootObject = DEA9C2512EEDD03100177415 /* Project object */;
}
